# This file is automatically @generated by Poetry 1.8.3 and should not be changed by hand.

[[package]]
name = "tsrl"
version = "0.1.0"
description = ""
optional = false
python-versions = "^3.10"
files = []
develop = true

[package.source]
type = "directory"
url = "../lib"

[metadata]
lock-version = "2.0"
python-versions = "~3.10"
content-hash = "2afa1a0ea475e8048d29f372f213de17810baf491cb96d99e1c2a54b23b43fe6"
